
Microsoft Visual Studio Solution File, Format Version 11.00
# Visual Studio 2010
Project("{FAE04EC0-301F-11D3-BF4B-00C04F79EFBC}") = "UnityEngine.UI", "UnityEngine.UI.csproj", "{178585cb-a15d-424b-3f17-9d3648353278}"
EndProject
Project("{FAE04EC0-301F-11D3-BF4B-00C04F79EFBC}") = "UnityEngine.TestRunner", "UnityEngine.TestRunner.csproj", "{f0540f87-9d90-6777-e270-8d924360d6da}"
EndProject
Project("{FAE04EC0-301F-11D3-BF4B-00C04F79EFBC}") = "Unity.Timeline", "Unity.Timeline.csproj", "{6018b6e3-acd4-e5ae-0ccf-9df41a81012e}"
EndProject
Project("{FAE04EC0-301F-11D3-BF4B-00C04F79EFBC}") = "Assembly-CSharp", "Assembly-CSharp.csproj", "{50e317b2-7100-4a16-7e50-f0b8dd98fd6a}"
EndProject
Project("{FAE04EC0-301F-11D3-BF4B-00C04F79EFBC}") = "Unity.TextMeshPro", "Unity.TextMeshPro.csproj", "{4b3a0b62-a9e8-9fb9-6826-7ae4fd19bc40}"
EndProject
Project("{FAE04EC0-301F-11D3-BF4B-00C04F79EFBC}") = "Unity.Timeline.Editor", "Unity.Timeline.Editor.csproj", "{40fc526c-a555-c945-049f-ab458a1538c9}"
EndProject
Project("{FAE04EC0-301F-11D3-BF4B-00C04F79EFBC}") = "Unity.TextMeshPro.Editor", "Unity.TextMeshPro.Editor.csproj", "{3353ae13-9c39-f78e-0b34-1fe4a5682920}"
EndProject
Project("{FAE04EC0-301F-11D3-BF4B-00C04F79EFBC}") = "UnityEditor.TestRunner", "UnityEditor.TestRunner.csproj", "{a434d9ea-99c8-c9f2-1bbc-4f6cadc55d21}"
EndProject
Project("{FAE04EC0-301F-11D3-BF4B-00C04F79EFBC}") = "Unity.PlasticSCM.Editor", "Unity.PlasticSCM.Editor.csproj", "{9ff45c7b-f1c8-aff4-c999-e5ea68266825}"
EndProject
Project("{FAE04EC0-301F-11D3-BF4B-00C04F79EFBC}") = "UnityEditor.UI", "UnityEditor.UI.csproj", "{3ff455ed-306e-0bb2-7616-2f8c5b82448d}"
EndProject
Project("{FAE04EC0-301F-11D3-BF4B-00C04F79EFBC}") = "Unity.VisualStudio.Editor", "Unity.VisualStudio.Editor.csproj", "{586b5ade-cba8-cbdd-022f-f49c1372d90e}"
EndProject
Project("{FAE04EC0-301F-11D3-BF4B-00C04F79EFBC}") = "Unity.CollabProxy.Editor", "Unity.CollabProxy.Editor.csproj", "{5aa07cba-81be-9916-4277-481c8e8ee421}"
EndProject
Project("{FAE04EC0-301F-11D3-BF4B-00C04F79EFBC}") = "Unity.Rider.Editor", "Unity.Rider.Editor.csproj", "{a3b18c6b-c3d8-6b19-f06a-fb3d4c31eb58}"
EndProject
Project("{FAE04EC0-301F-11D3-BF4B-00C04F79EFBC}") = "Unity.VSCode.Editor", "Unity.VSCode.Editor.csproj", "{287e97c1-4ec7-fffb-1d83-c54d8b572175}"
EndProject
Global
	GlobalSection(SolutionConfigurationPlatforms) = preSolution
		Debug|Any CPU = Debug|Any CPU
	EndGlobalSection
	GlobalSection(ProjectConfigurationPlatforms) = postSolution
		{178585cb-a15d-424b-3f17-9d3648353278}.Debug|Any CPU.ActiveCfg = Debug|Any CPU
		{178585cb-a15d-424b-3f17-9d3648353278}.Debug|Any CPU.Build.0 = Debug|Any CPU
		{f0540f87-9d90-6777-e270-8d924360d6da}.Debug|Any CPU.ActiveCfg = Debug|Any CPU
		{f0540f87-9d90-6777-e270-8d924360d6da}.Debug|Any CPU.Build.0 = Debug|Any CPU
		{6018b6e3-acd4-e5ae-0ccf-9df41a81012e}.Debug|Any CPU.ActiveCfg = Debug|Any CPU
		{6018b6e3-acd4-e5ae-0ccf-9df41a81012e}.Debug|Any CPU.Build.0 = Debug|Any CPU
		{50e317b2-7100-4a16-7e50-f0b8dd98fd6a}.Debug|Any CPU.ActiveCfg = Debug|Any CPU
		{50e317b2-7100-4a16-7e50-f0b8dd98fd6a}.Debug|Any CPU.Build.0 = Debug|Any CPU
		{4b3a0b62-a9e8-9fb9-6826-7ae4fd19bc40}.Debug|Any CPU.ActiveCfg = Debug|Any CPU
		{4b3a0b62-a9e8-9fb9-6826-7ae4fd19bc40}.Debug|Any CPU.Build.0 = Debug|Any CPU
		{40fc526c-a555-c945-049f-ab458a1538c9}.Debug|Any CPU.ActiveCfg = Debug|Any CPU
		{40fc526c-a555-c945-049f-ab458a1538c9}.Debug|Any CPU.Build.0 = Debug|Any CPU
		{3353ae13-9c39-f78e-0b34-1fe4a5682920}.Debug|Any CPU.ActiveCfg = Debug|Any CPU
		{3353ae13-9c39-f78e-0b34-1fe4a5682920}.Debug|Any CPU.Build.0 = Debug|Any CPU
		{a434d9ea-99c8-c9f2-1bbc-4f6cadc55d21}.Debug|Any CPU.ActiveCfg = Debug|Any CPU
		{a434d9ea-99c8-c9f2-1bbc-4f6cadc55d21}.Debug|Any CPU.Build.0 = Debug|Any CPU
		{9ff45c7b-f1c8-aff4-c999-e5ea68266825}.Debug|Any CPU.ActiveCfg = Debug|Any CPU
		{9ff45c7b-f1c8-aff4-c999-e5ea68266825}.Debug|Any CPU.Build.0 = Debug|Any CPU
		{3ff455ed-306e-0bb2-7616-2f8c5b82448d}.Debug|Any CPU.ActiveCfg = Debug|Any CPU
		{3ff455ed-306e-0bb2-7616-2f8c5b82448d}.Debug|Any CPU.Build.0 = Debug|Any CPU
		{586b5ade-cba8-cbdd-022f-f49c1372d90e}.Debug|Any CPU.ActiveCfg = Debug|Any CPU
		{586b5ade-cba8-cbdd-022f-f49c1372d90e}.Debug|Any CPU.Build.0 = Debug|Any CPU
		{5aa07cba-81be-9916-4277-481c8e8ee421}.Debug|Any CPU.ActiveCfg = Debug|Any CPU
		{5aa07cba-81be-9916-4277-481c8e8ee421}.Debug|Any CPU.Build.0 = Debug|Any CPU
		{a3b18c6b-c3d8-6b19-f06a-fb3d4c31eb58}.Debug|Any CPU.ActiveCfg = Debug|Any CPU
		{a3b18c6b-c3d8-6b19-f06a-fb3d4c31eb58}.Debug|Any CPU.Build.0 = Debug|Any CPU
		{287e97c1-4ec7-fffb-1d83-c54d8b572175}.Debug|Any CPU.ActiveCfg = Debug|Any CPU
		{287e97c1-4ec7-fffb-1d83-c54d8b572175}.Debug|Any CPU.Build.0 = Debug|Any CPU
	EndGlobalSection
	GlobalSection(SolutionProperties) = preSolution
		HideSolutionNode = FALSE
	EndGlobalSection
EndGlobal
